// !$*UTF8*$!
{
	archiveVersion = 1;
	classes = {
	};
	objectVersion = 56;
	objects = {

/* Begin PBXBuildFile section */
		D55636822972C93C004F3942 /* JoMO_iOSApp.swift in Sources */ = {isa = PBXBuildFile; fileRef = D55636812972C93C004F3942 /* JoMO_iOSApp.swift */; };
		D55636842972C93C004F3942 /* ContentView.swift in Sources */ = {isa = PBXBuildFile; fileRef = D55636832972C93C004F3942 /* ContentView.swift */; };
		D55636862972C93F004F3942 /* Assets.xcassets in Resources */ = {isa = PBXBuildFile; fileRef = D55636852972C93F004F3942 /* Assets.xcassets */; };
		D55636892972C93F004F3942 /* Preview Assets.xcassets in Resources */ = {isa = PBXBuildFile; fileRef = D55636882972C93F004F3942 /* Preview Assets.xcassets */; };
		D55636912972C979004F3942 /* Lottie in Frameworks */ = {isa = PBXBuildFile; productRef = D55636902972C979004F3942 /* Lottie */; };
		D55636942972C98C004F3942 /* Alamofire in Frameworks */ = {isa = PBXBuildFile; productRef = D55636932972C98C004F3942 /* Alamofire */; };
		D556369D2972CBBE004F3942 /* MainView.swift in Sources */ = {isa = PBXBuildFile; fileRef = D556369C2972CBBE004F3942 /* MainView.swift */; };
		D556369F2972CC77004F3942 /* ViewExtension.swift in Sources */ = {isa = PBXBuildFile; fileRef = D556369E2972CC77004F3942 /* ViewExtension.swift */; };
		D55636A12972CCAE004F3942 /* ViewModifier.swift in Sources */ = {isa = PBXBuildFile; fileRef = D55636A02972CCAE004F3942 /* ViewModifier.swift */; };
		D55636A32972CCF6004F3942 /* ColorExtension.swift in Sources */ = {isa = PBXBuildFile; fileRef = D55636A22972CCF5004F3942 /* ColorExtension.swift */; };
/* End PBXBuildFile section */

/* Begin PBXFileReference section */
		D556367E2972C93C004F3942 /* JoMO-iOS.app */ = {isa = PBXFileReference; explicitFileType = wrapper.application; includeInIndex = 0; path = "JoMO-iOS.app"; sourceTree = BUILT_PRODUCTS_DIR; };
		D55636812972C93C004F3942 /* JoMO_iOSApp.swift */ = {isa = PBXFileReference; lastKnownFileType = sourcecode.swift; path = JoMO_iOSApp.swift; sourceTree = "<group>"; };
		D55636832972C93C004F3942 /* ContentView.swift */ = {isa = PBXFileReference; lastKnownFileType = sourcecode.swift; path = ContentView.swift; sourceTree = "<group>"; };
		D55636852972C93F004F3942 /* Assets.xcassets */ = {isa = PBXFileReference; lastKnownFileType = folder.assetcatalog; path = Assets.xcassets; sourceTree = "<group>"; };
		D55636882972C93F004F3942 /* Preview Assets.xcassets */ = {isa = PBXFileReference; lastKnownFileType = folder.assetcatalog; path = "Preview Assets.xcassets"; sourceTree = "<group>"; };
		D556369C2972CBBE004F3942 /* MainView.swift */ = {isa = PBXFileReference; lastKnownFileType = sourcecode.swift; path = MainView.swift; sourceTree = "<group>"; };
		D556369E2972CC77004F3942 /* ViewExtension.swift */ = {isa = PBXFileReference; lastKnownFileType = sourcecode.swift; path = ViewExtension.swift; sourceTree = "<group>"; };
		D55636A02972CCAE004F3942 /* ViewModifier.swift */ = {isa = PBXFileReference; lastKnownFileType = sourcecode.swift; path = ViewModifier.swift; sourceTree = "<group>"; };
		D55636A22972CCF5004F3942 /* ColorExtension.swift */ = {isa = PBXFileReference; lastKnownFileType = sourcecode.swift; path = ColorExtension.swift; sourceTree = "<group>"; };
/* End PBXFileReference section */

/* Begin PBXFrameworksBuildPhase section */
		D556367B2972C93C004F3942 /* Frameworks */ = {
			isa = PBXFrameworksBuildPhase;
			buildActionMask = 2147483647;
			files = (
				D55636912972C979004F3942 /* Lottie in Frameworks */,
				D55636942972C98C004F3942 /* Alamofire in Frameworks */,
			);
			runOnlyForDeploymentPostprocessing = 0;
		};
/* End PBXFrameworksBuildPhase section */

/* Begin PBXGroup section */
		D55636752972C93B004F3942 = {
			isa = PBXGroup;
			children = (
				D55636802972C93C004F3942 /* JoMO-iOS */,
				D556367F2972C93C004F3942 /* Products */,
			);
			sourceTree = "<group>";
		};
		D556367F2972C93C004F3942 /* Products */ = {
			isa = PBXGroup;
			children = (
				D556367E2972C93C004F3942 /* JoMO-iOS.app */,
			);
			name = Products;
			sourceTree = "<group>";
		};
		D55636802972C93C004F3942 /* JoMO-iOS */ = {
			isa = PBXGroup;
			children = (
				D55636952972CB0B004F3942 /* AppStart */,
				D55636962972CB1B004F3942 /* Scene */,
				D55636972972CB4D004F3942 /* Model */,
				D55636982972CB5A004F3942 /* Network */,
				D556369A2972CB70004F3942 /* Component */,
				D55636992972CB64004F3942 /* Extension */,
				D556369B2972CB84004F3942 /* Support */,
				D55636852972C93F004F3942 /* Assets.xcassets */,
				D55636872972C93F004F3942 /* Preview Content */,
			);
			path = "JoMO-iOS";
			sourceTree = "<group>";
		};
		D55636872972C93F004F3942 /* Preview Content */ = {
			isa = PBXGroup;
			children = (
				D55636882972C93F004F3942 /* Preview Assets.xcassets */,
			);
			path = "Preview Content";
			sourceTree = "<group>";
		};
		D55636952972CB0B004F3942 /* AppStart */ = {
			isa = PBXGroup;
			children = (
				D55636812972C93C004F3942 /* JoMO_iOSApp.swift */,
				D55636832972C93C004F3942 /* ContentView.swift */,
			);
			path = AppStart;
			sourceTree = "<group>";
		};
		D55636962972CB1B004F3942 /* Scene */ = {
			isa = PBXGroup;
			children = (
				D556369C2972CBBE004F3942 /* MainView.swift */,
			);
			path = Scene;
			sourceTree = "<group>";
		};
		D55636972972CB4D004F3942 /* Model */ = {
			isa = PBXGroup;
			children = (
			);
			path = Model;
			sourceTree = "<group>";
		};
		D55636982972CB5A004F3942 /* Network */ = {
			isa = PBXGroup;
			children = (
			);
			name = Network;
			sourceTree = "<group>";
		};
		D55636992972CB64004F3942 /* Extension */ = {
			isa = PBXGroup;
			children = (
				D556369E2972CC77004F3942 /* ViewExtension.swift */,
				D55636A22972CCF5004F3942 /* ColorExtension.swift */,
			);
			path = Extension;
			sourceTree = "<group>";
		};
		D556369A2972CB70004F3942 /* Component */ = {
			isa = PBXGroup;
			children = (
			);
			path = Component;
			sourceTree = "<group>";
		};
		D556369B2972CB84004F3942 /* Support */ = {
			isa = PBXGroup;
			children = (
				D55636A02972CCAE004F3942 /* ViewModifier.swift */,
			);
			path = Support;
			sourceTree = "<group>";
		};
/* End PBXGroup section */

/* Begin PBXNativeTarget section */
		D556367D2972C93C004F3942 /* JoMO-iOS */ = {
			isa = PBXNativeTarget;
			buildConfigurationList = D556368C2972C93F004F3942 /* Build configuration list for PBXNativeTarget "JoMO-iOS" */;
			buildPhases = (
				D556367A2972C93C004F3942 /* Sources */,
				D556367B2972C93C004F3942 /* Frameworks */,
				D556367C2972C93C004F3942 /* Resources */,
			);
			buildRules = (
			);
			dependencies = (
			);
			name = "JoMO-iOS";
			packageProductDependencies = (
				D55636902972C979004F3942 /* Lottie */,
				D55636932972C98C004F3942 /* Alamofire */,
			);
			productName = "JoMO-iOS";
			productReference = D556367E2972C93C004F3942 /* JoMO-iOS.app */;
			productType = "com.apple.product-type.application";
		};
/* End PBXNativeTarget section */

/* Begin PBXProject section */
		D55636762972C93B004F3942 /* Project object */ = {
			isa = PBXProject;
			attributes = {
				BuildIndependentTargetsInParallel = 1;
				LastSwiftUpdateCheck = 1410;
				LastUpgradeCheck = 1410;
				TargetAttributes = {
					D556367D2972C93C004F3942 = {
						CreatedOnToolsVersion = 14.1;
					};
				};
			};
			buildConfigurationList = D55636792972C93B004F3942 /* Build configuration list for PBXProject "JoMO-iOS" */;
			compatibilityVersion = "Xcode 14.0";
			developmentRegion = en;
			hasScannedForEncodings = 0;
			knownRegions = (
				en,
				Base,
			);
			mainGroup = D55636752972C93B004F3942;
			packageReferences = (
				D556368F2972C979004F3942 /* XCRemoteSwiftPackageReference "lottie-ios" */,
				D55636922972C98C004F3942 /* XCRemoteSwiftPackageReference "Alamofire" */,
			);
			productRefGroup = D556367F2972C93C004F3942 /* Products */;
			projectDirPath = "";
			projectRoot = "";
			targets = (
				D556367D2972C93C004F3942 /* JoMO-iOS */,
			);
		};
/* End PBXProject section */

/* Begin PBXResourcesBuildPhase section */
		D556367C2972C93C004F3942 /* Resources */ = {
			isa = PBXResourcesBuildPhase;
			buildActionMask = 2147483647;
			files = (
				D55636892972C93F004F3942 /* Preview Assets.xcassets in Resources */,
				D55636862972C93F004F3942 /* Assets.xcassets in Resources */,
			);
			runOnlyForDeploymentPostprocessing = 0;
		};
/* End PBXResourcesBuildPhase section */

/* Begin PBXSourcesBuildPhase section */
		D556367A2972C93C004F3942 /* Sources */ = {
			isa = PBXSourcesBuildPhase;
			buildActionMask = 2147483647;
			files = (
				D55636842972C93C004F3942 /* ContentView.swift in Sources */,
				D556369D2972CBBE004F3942 /* MainView.swift in Sources */,
				D556369F2972CC77004F3942 /* ViewExtension.swift in Sources */,
				D55636A32972CCF6004F3942 /* ColorExtension.swift in Sources */,
				D55636A12972CCAE004F3942 /* ViewModifier.swift in Sources */,
				D55636822972C93C004F3942 /* JoMO_iOSApp.swift in Sources */,
			);
			runOnlyForDeploymentPostprocessing = 0;
		};
/* End PBXSourcesBuildPhase section */

/* Begin XCBuildConfiguration section */
		D556368A2972C93F004F3942 /* Debug */ = {
			isa = XCBuildConfiguration;
			buildSettings = {
				ALWAYS_SEARCH_USER_PATHS = NO;
				CLANG_ANALYZER_NONNULL = YES;
				CLANG_ANALYZER_NUMBER_OBJECT_CONVERSION = YES_AGGRESSIVE;
				CLANG_CXX_LANGUAGE_STANDARD = "gnu++20";
				CLANG_ENABLE_MODULES = YES;
				CLANG_ENABLE_OBJC_ARC = YES;
				CLANG_ENABLE_OBJC_WEAK = YES;
				CLANG_WARN_BLOCK_CAPTURE_AUTORELEASING = YES;
				CLANG_WARN_BOOL_CONVERSION = YES;
				CLANG_WARN_COMMA = YES;
				CLANG_WARN_CONSTANT_CONVERSION = YES;
				CLANG_WARN_DEPRECATED_OBJC_IMPLEMENTATIONS = YES;
				CLANG_WARN_DIRECT_OBJC_ISA_USAGE = YES_ERROR;
				CLANG_WARN_DOCUMENTATION_COMMENTS = YES;
				CLANG_WARN_EMPTY_BODY = YES;
				CLANG_WARN_ENUM_CONVERSION = YES;
				CLANG_WARN_INFINITE_RECURSION = YES;
				CLANG_WARN_INT_CONVERSION = YES;
				CLANG_WARN_NON_LITERAL_NULL_CONVERSION = YES;
				CLANG_WARN_OBJC_IMPLICIT_RETAIN_SELF = YES;
				CLANG_WARN_OBJC_LITERAL_CONVERSION = YES;
				CLANG_WARN_OBJC_ROOT_CLASS = YES_ERROR;
				CLANG_WARN_QUOTED_INCLUDE_IN_FRAMEWORK_HEADER = YES;
				CLANG_WARN_RANGE_LOOP_ANALYSIS = YES;
				CLANG_WARN_STRICT_PROTOTYPES = YES;
				CLANG_WARN_SUSPICIOUS_MOVE = YES;
				CLANG_WARN_UNGUARDED_AVAILABILITY = YES_AGGRESSIVE;
				CLANG_WARN_UNREACHABLE_CODE = YES;
				CLANG_WARN__DUPLICATE_METHOD_MATCH = YES;
				COPY_PHASE_STRIP = NO;
				DEBUG_INFORMATION_FORMAT = dwarf;
				ENABLE_STRICT_OBJC_MSGSEND = YES;
				ENABLE_TESTABILITY = YES;
				GCC_C_LANGUAGE_STANDARD = gnu11;
				GCC_DYNAMIC_NO_PIC = NO;
				GCC_NO_COMMON_BLOCKS = YES;
				GCC_OPTIMIZATION_LEVEL = 0;
				GCC_PREPROCESSOR_DEFINITIONS = (
					"DEBUG=1",
					"$(inherited)",
				);
				GCC_WARN_64_TO_32_BIT_CONVERSION = YES;
				GCC_WARN_ABOUT_RETURN_TYPE = YES_ERROR;
				GCC_WARN_UNDECLARED_SELECTOR = YES;
				GCC_WARN_UNINITIALIZED_AUTOS = YES_AGGRESSIVE;
				GCC_WARN_UNUSED_FUNCTION = YES;
				GCC_WARN_UNUSED_VARIABLE = YES;
				IPHONEOS_DEPLOYMENT_TARGET = 16.1;
				MTL_ENABLE_DEBUG_INFO = INCLUDE_SOURCE;
				MTL_FAST_MATH = YES;
				ONLY_ACTIVE_ARCH = YES;
				SDKROOT = iphoneos;
				SWIFT_ACTIVE_COMPILATION_CONDITIONS = DEBUG;
				SWIFT_OPTIMIZATION_LEVEL = "-Onone";
			};
			name = Debug;
		};
		D556368B2972C93F004F3942 /* Release */ = {
			isa = XCBuildConfiguration;
			buildSettings = {
				ALWAYS_SEARCH_USER_PATHS = NO;
				CLANG_ANALYZER_NONNULL = YES;
				CLANG_ANALYZER_NUMBER_OBJECT_CONVERSION = YES_AGGRESSIVE;
				CLANG_CXX_LANGUAGE_STANDARD = "gnu++20";
				CLANG_ENABLE_MODULES = YES;
				CLANG_ENABLE_OBJC_ARC = YES;
				CLANG_ENABLE_OBJC_WEAK = YES;
				CLANG_WARN_BLOCK_CAPTURE_AUTORELEASING = YES;
				CLANG_WARN_BOOL_CONVERSION = YES;
				CLANG_WARN_COMMA = YES;
				CLANG_WARN_CONSTANT_CONVERSION = YES;
				CLANG_WARN_DEPRECATED_OBJC_IMPLEMENTATIONS = YES;
				CLANG_WARN_DIRECT_OBJC_ISA_USAGE = YES_ERROR;
				CLANG_WARN_DOCUMENTATION_COMMENTS = YES;
				CLANG_WARN_EMPTY_BODY = YES;
				CLANG_WARN_ENUM_CONVERSION = YES;
				CLANG_WARN_INFINITE_RECURSION = YES;
				CLANG_WARN_INT_CONVERSION = YES;
				CLANG_WARN_NON_LITERAL_NULL_CONVERSION = YES;
				CLANG_WARN_OBJC_IMPLICIT_RETAIN_SELF = YES;
				CLANG_WARN_OBJC_LITERAL_CONVERSION = YES;
				CLANG_WARN_OBJC_ROOT_CLASS = YES_ERROR;
				CLANG_WARN_QUOTED_INCLUDE_IN_FRAMEWORK_HEADER = YES;
				CLANG_WARN_RANGE_LOOP_ANALYSIS = YES;
				CLANG_WARN_STRICT_PROTOTYPES = YES;
				CLANG_WARN_SUSPICIOUS_MOVE = YES;
				CLANG_WARN_UNGUARDED_AVAILABILITY = YES_AGGRESSIVE;
				CLANG_WARN_UNREACHABLE_CODE = YES;
				CLANG_WARN__DUPLICATE_METHOD_MATCH = YES;
				COPY_PHASE_STRIP = NO;
				DEBUG_INFORMATION_FORMAT = "dwarf-with-dsym";
				ENABLE_NS_ASSERTIONS = NO;
				ENABLE_STRICT_OBJC_MSGSEND = YES;
				GCC_C_LANGUAGE_STANDARD = gnu11;
				GCC_NO_COMMON_BLOCKS = YES;
				GCC_WARN_64_TO_32_BIT_CONVERSION = YES;
				GCC_WARN_ABOUT_RETURN_TYPE = YES_ERROR;
				GCC_WARN_UNDECLARED_SELECTOR = YES;
				GCC_WARN_UNINITIALIZED_AUTOS = YES_AGGRESSIVE;
				GCC_WARN_UNUSED_FUNCTION = YES;
				GCC_WARN_UNUSED_VARIABLE = YES;
				IPHONEOS_DEPLOYMENT_TARGET = 16.1;
				MTL_ENABLE_DEBUG_INFO = NO;
				MTL_FAST_MATH = YES;
				SDKROOT = iphoneos;
				SWIFT_COMPILATION_MODE = wholemodule;
				SWIFT_OPTIMIZATION_LEVEL = "-O";
				VALIDATE_PRODUCT = YES;
			};
			name = Release;
		};
		D556368D2972C93F004F3942 /* Debug */ = {
			isa = XCBuildConfiguration;
			buildSettings = {
				ASSETCATALOG_COMPILER_APPICON_NAME = AppIcon;
				ASSETCATALOG_COMPILER_GLOBAL_ACCENT_COLOR_NAME = AccentColor;
				CODE_SIGN_STYLE = Automatic;
				CURRENT_PROJECT_VERSION = 1;
				DEVELOPMENT_ASSET_PATHS = "\"JoMO-iOS/Preview Content\"";
				DEVELOPMENT_TEAM = 82SBYWBUBR;
				ENABLE_PREVIEWS = YES;
				GENERATE_INFOPLIST_FILE = YES;
				INFOPLIST_KEY_UIApplicationSceneManifest_Generation = YES;
				INFOPLIST_KEY_UIApplicationSupportsIndirectInputEvents = YES;
				INFOPLIST_KEY_UILaunchScreen_Generation = YES;
				INFOPLIST_KEY_UISupportedInterfaceOrientations_iPad = "UIInterfaceOrientationPortrait UIInterfaceOrientationPortraitUpsideDown UIInterfaceOrientationLandscapeLeft UIInterfaceOrientationLandscapeRight";
				INFOPLIST_KEY_UISupportedInterfaceOrientations_iPhone = "UIInterfaceOrientationPortrait UIInterfaceOrientationLandscapeLeft UIInterfaceOrientationLandscapeRight";
				LD_RUNPATH_SEARCH_PATHS = (
					"$(inherited)",
					"@executable_path/Frameworks",
				);
				MARKETING_VERSION = 1.0;
				PRODUCT_BUNDLE_IDENTIFIER = "com.jomo.JoMO-iOS";
				PRODUCT_NAME = "$(TARGET_NAME)";
				SWIFT_EMIT_LOC_STRINGS = YES;
				SWIFT_VERSION = 5.0;
				TARGETED_DEVICE_FAMILY = "1,2";
			};
			name = Debug;
		};
		D556368E2972C93F004F3942 /* Release */ = {
			isa = XCBuildConfiguration;
			buildSettings = {
				ASSETCATALOG_COMPILER_APPICON_NAME = AppIcon;
				ASSETCATALOG_COMPILER_GLOBAL_ACCENT_COLOR_NAME = AccentColor;
				CODE_SIGN_STYLE = Automatic;
				CURRENT_PROJECT_VERSION = 1;
				DEVELOPMENT_ASSET_PATHS = "\"JoMO-iOS/Preview Content\"";
				DEVELOPMENT_TEAM = 82SBYWBUBR;
				ENABLE_PREVIEWS = YES;
				GENERATE_INFOPLIST_FILE = YES;
				INFOPLIST_KEY_UIApplicationSceneManifest_Generation = YES;
				INFOPLIST_KEY_UIApplicationSupportsIndirectInputEvents = YES;
				INFOPLIST_KEY_UILaunchScreen_Generation = YES;
				INFOPLIST_KEY_UISupportedInterfaceOrientations_iPad = "UIInterfaceOrientationPortrait UIInterfaceOrientationPortraitUpsideDown UIInterfaceOrientationLandscapeLeft UIInterfaceOrientationLandscapeRight";
				INFOPLIST_KEY_UISupportedInterfaceOrientations_iPhone = "UIInterfaceOrientationPortrait UIInterfaceOrientationLandscapeLeft UIInterfaceOrientationLandscapeRight";
				LD_RUNPATH_SEARCH_PATHS = (
					"$(inherited)",
					"@executable_path/Frameworks",
				);
				MARKETING_VERSION = 1.0;
				PRODUCT_BUNDLE_IDENTIFIER = "com.jomo.JoMO-iOS";
				PRODUCT_NAME = "$(TARGET_NAME)";
				SWIFT_EMIT_LOC_STRINGS = YES;
				SWIFT_VERSION = 5.0;
				TARGETED_DEVICE_FAMILY = "1,2";
			};
			name = Release;
		};
/* End XCBuildConfiguration section */

/* Begin XCConfigurationList section */
		D55636792972C93B004F3942 /* Build configuration list for PBXProject "JoMO-iOS" */ = {
			isa = XCConfigurationList;
			buildConfigurations = (
				D556368A2972C93F004F3942 /* Debug */,
				D556368B2972C93F004F3942 /* Release */,
			);
			defaultConfigurationIsVisible = 0;
			defaultConfigurationName = Release;
		};
		D556368C2972C93F004F3942 /* Build configuration list for PBXNativeTarget "JoMO-iOS" */ = {
			isa = XCConfigurationList;
			buildConfigurations = (
				D556368D2972C93F004F3942 /* Debug */,
				D556368E2972C93F004F3942 /* Release */,
			);
			defaultConfigurationIsVisible = 0;
			defaultConfigurationName = Release;
		};
/* End XCConfigurationList section */

/* Begin XCRemoteSwiftPackageReference section */
		D556368F2972C979004F3942 /* XCRemoteSwiftPackageReference "lottie-ios" */ = {
			isa = XCRemoteSwiftPackageReference;
			repositoryURL = "https://github.com/airbnb/lottie-ios.git";
			requirement = {
				kind = upToNextMajorVersion;
				minimumVersion = 4.0.0;
			};
		};
		D55636922972C98C004F3942 /* XCRemoteSwiftPackageReference "Alamofire" */ = {
			isa = XCRemoteSwiftPackageReference;
			repositoryURL = "https://github.com/Alamofire/Alamofire.git";
			requirement = {
				kind = upToNextMajorVersion;
				minimumVersion = 5.0.0;
			};
		};
/* End XCRemoteSwiftPackageReference section */

/* Begin XCSwiftPackageProductDependency section */
		D55636902972C979004F3942 /* Lottie */ = {
			isa = XCSwiftPackageProductDependency;
			package = D556368F2972C979004F3942 /* XCRemoteSwiftPackageReference "lottie-ios" */;
			productName = Lottie;
		};
		D55636932972C98C004F3942 /* Alamofire */ = {
			isa = XCSwiftPackageProductDependency;
			package = D55636922972C98C004F3942 /* XCRemoteSwiftPackageReference "Alamofire" */;
			productName = Alamofire;
		};
/* End XCSwiftPackageProductDependency section */
	};
	rootObject = D55636762972C93B004F3942 /* Project object */;
}
